
Microsoft Visual Studio Solution File, Format Version 12.00
# Visual Studio 15
VisualStudioVersion = 15.0.28307.705
MinimumVisualStudioVersion = 10.0.40219.1
Project("{9A19103F-16F7-4668-BE54-9A1E7A4F7556}") = "ArticleAPI", "ArticleAPI\ArticleAPI.csproj", "{A9948A04-2FD8-41E3-9502-2155CC8E6CC6}"
EndProject
Project("{9A19103F-16F7-4668-BE54-9A1E7A4F7556}") = "ArticleAPI.DAL", "ArticleAPI.DAL\ArticleAPI.DAL.csproj", "{CA18E3EF-47C9-4D2C-92B1-AE712076F1AC}"
EndProject
Project("{FAE04EC0-301F-11D3-BF4B-00C04F79EFBC}") = "ArticleAPI.Tests", "ArticleAPI.Tests\ArticleAPI.Tests.csproj", "{29C64A48-3C13-4EBA-B8A4-A18F44D91FE2}"
EndProject
Global
	GlobalSection(SolutionConfigurationPlatforms) = preSolution
		Debug|Any CPU = Debug|Any CPU
		Release|Any CPU = Release|Any CPU
	EndGlobalSection
	GlobalSection(ProjectConfigurationPlatforms) = postSolution
		{A9948A04-2FD8-41E3-9502-2155CC8E6CC6}.Debug|Any CPU.ActiveCfg = Debug|Any CPU
		{A9948A04-2FD8-41E3-9502-2155CC8E6CC6}.Debug|Any CPU.Build.0 = Debug|Any CPU
		{A9948A04-2FD8-41E3-9502-2155CC8E6CC6}.Release|Any CPU.ActiveCfg = Release|Any CPU
		{A9948A04-2FD8-41E3-9502-2155CC8E6CC6}.Release|Any CPU.Build.0 = Release|Any CPU
		{CA18E3EF-47C9-4D2C-92B1-AE712076F1AC}.Debug|Any CPU.ActiveCfg = Debug|Any CPU
		{CA18E3EF-47C9-4D2C-92B1-AE712076F1AC}.Debug|Any CPU.Build.0 = Debug|Any CPU
		{CA18E3EF-47C9-4D2C-92B1-AE712076F1AC}.Release|Any CPU.ActiveCfg = Release|Any CPU
		{CA18E3EF-47C9-4D2C-92B1-AE712076F1AC}.Release|Any CPU.Build.0 = Release|Any CPU
		{29C64A48-3C13-4EBA-B8A4-A18F44D91FE2}.Debug|Any CPU.ActiveCfg = Debug|Any CPU
		{29C64A48-3C13-4EBA-B8A4-A18F44D91FE2}.Debug|Any CPU.Build.0 = Debug|Any CPU
		{29C64A48-3C13-4EBA-B8A4-A18F44D91FE2}.Release|Any CPU.ActiveCfg = Release|Any CPU
		{29C64A48-3C13-4EBA-B8A4-A18F44D91FE2}.Release|Any CPU.Build.0 = Release|Any CPU
	EndGlobalSection
	GlobalSection(SolutionProperties) = preSolution
		HideSolutionNode = FALSE
	EndGlobalSection
	GlobalSection(ExtensibilityGlobals) = postSolution
		SolutionGuid = {F0E43F01-7F84-4C25-9CF6-9EBFCB1EB9A7}
	EndGlobalSection
EndGlobal
